{
  "originHash" : "bcef246f1cf59d5365247b8c7ae81cdbc949ccda2ad5f3375c4efb205c96b498",
  "pins" : [
    {
      "identity" : "ios-sdk",
      "kind" : "remoteSourceControl",
      "location" : "https://github.com/eyeson-team/ios-sdk",
      "state" : {
        "revision" : "f99a71d89238346b1084fd07f284ac2e2edadeba",
        "version" : "1.4.0"
      }
    }
  ],
  "version" : 3
}
