{
  "originHash" : "bcef246f1cf59d5365247b8c7ae81cdbc949ccda2ad5f3375c4efb205c96b498",
  "pins" : [
    {
      "identity" : "ios-sdk",
      "kind" : "remoteSourceControl",
      "location" : "https://github.com/eyeson-team/ios-sdk",
      "state" : {
        "revision" : "27d9535e10f00d0b44da399d37c5ebd01a7526ef",
        "version" : "1.3.1"
      }
    }
  ],
  "version" : 3
}
