// !$*UTF8*$!
{
	archiveVersion = 1;
	classes = {
	};
	objectVersion = 55;
	objects = {

/* Begin PBXBuildFile section */
		B532363E276D0BD20066A3C6 /* LogView.swift in Sources */ = {isa = PBXBuildFile; fileRef = B532363D276D0BD20066A3C6 /* LogView.swift */; };
		B53BD480276B46C900176D06 /* ScanView.swift in Sources */ = {isa = PBXBuildFile; fileRef = B53BD47F276B46C900176D06 /* ScanView.swift */; };
		B5530DB82769DD4100ACC454 /* EyesonCoordinator.swift in Sources */ = {isa = PBXBuildFile; fileRef = B5530DB72769DD4100ACC454 /* EyesonCoordinator.swift */; };
		B5530DBA2769E10D00ACC454 /* EyesonView.swift in Sources */ = {isa = PBXBuildFile; fileRef = B5530DB92769E10D00ACC454 /* EyesonView.swift */; };
		B574954F27678B7E00CDC259 /* ExampleAppApp.swift in Sources */ = {isa = PBXBuildFile; fileRef = B574954E27678B7E00CDC259 /* ExampleAppApp.swift */; };
		B574955127678B7E00CDC259 /* SplashView.swift in Sources */ = {isa = PBXBuildFile; fileRef = B574955027678B7E00CDC259 /* SplashView.swift */; };
		B574955327678B7F00CDC259 /* Assets.xcassets in Resources */ = {isa = PBXBuildFile; fileRef = B574955227678B7F00CDC259 /* Assets.xcassets */; };
		B574955627678B7F00CDC259 /* Preview Assets.xcassets in Resources */ = {isa = PBXBuildFile; fileRef = B574955527678B7F00CDC259 /* Preview Assets.xcassets */; };
		B58014A6276C9BBE000D8523 /* ButtonViews.swift in Sources */ = {isa = PBXBuildFile; fileRef = B58014A5276C9BBE000D8523 /* ButtonViews.swift */; };
		CFEFBE821C1CDDEF20ED1F74 /* Pods_ExampleApp.framework in Frameworks */ = {isa = PBXBuildFile; fileRef = 28313414BDD7D7D914C60EED /* Pods_ExampleApp.framework */; };
/* End PBXBuildFile section */

/* Begin PBXFileReference section */
		28313414BDD7D7D914C60EED /* Pods_ExampleApp.framework */ = {isa = PBXFileReference; explicitFileType = wrapper.framework; includeInIndex = 0; path = Pods_ExampleApp.framework; sourceTree = BUILT_PRODUCTS_DIR; };
		B532363D276D0BD20066A3C6 /* LogView.swift */ = {isa = PBXFileReference; lastKnownFileType = sourcecode.swift; path = LogView.swift; sourceTree = "<group>"; };
		B53BD47F276B46C900176D06 /* ScanView.swift */ = {isa = PBXFileReference; lastKnownFileType = sourcecode.swift; path = ScanView.swift; sourceTree = "<group>"; };
		B5530DB72769DD4100ACC454 /* EyesonCoordinator.swift */ = {isa = PBXFileReference; lastKnownFileType = sourcecode.swift; path = EyesonCoordinator.swift; sourceTree = "<group>"; };
		B5530DB92769E10D00ACC454 /* EyesonView.swift */ = {isa = PBXFileReference; lastKnownFileType = sourcecode.swift; path = EyesonView.swift; sourceTree = "<group>"; };
		B574954B27678B7E00CDC259 /* ExampleApp.app */ = {isa = PBXFileReference; explicitFileType = wrapper.application; includeInIndex = 0; path = ExampleApp.app; sourceTree = BUILT_PRODUCTS_DIR; };
		B574954E27678B7E00CDC259 /* ExampleAppApp.swift */ = {isa = PBXFileReference; lastKnownFileType = sourcecode.swift; path = ExampleAppApp.swift; sourceTree = "<group>"; };
		B574955027678B7E00CDC259 /* SplashView.swift */ = {isa = PBXFileReference; lastKnownFileType = sourcecode.swift; path = SplashView.swift; sourceTree = "<group>"; };
		B574955227678B7F00CDC259 /* Assets.xcassets */ = {isa = PBXFileReference; lastKnownFileType = folder.assetcatalog; path = Assets.xcassets; sourceTree = "<group>"; };
		B574955527678B7F00CDC259 /* Preview Assets.xcassets */ = {isa = PBXFileReference; lastKnownFileType = folder.assetcatalog; path = "Preview Assets.xcassets"; sourceTree = "<group>"; };
		B58014A5276C9BBE000D8523 /* ButtonViews.swift */ = {isa = PBXFileReference; lastKnownFileType = sourcecode.swift; path = ButtonViews.swift; sourceTree = "<group>"; };
		BC39DF3A28F1A1DD7EDD1546 /* Pods-ExampleApp.debug.xcconfig */ = {isa = PBXFileReference; includeInIndex = 1; lastKnownFileType = text.xcconfig; name = "Pods-ExampleApp.debug.xcconfig"; path = "Target Support Files/Pods-ExampleApp/Pods-ExampleApp.debug.xcconfig"; sourceTree = "<group>"; };
		C50491D240796FAF0CF8AB18 /* Pods-ExampleApp.release.xcconfig */ = {isa = PBXFileReference; includeInIndex = 1; lastKnownFileType = text.xcconfig; name = "Pods-ExampleApp.release.xcconfig"; path = "Target Support Files/Pods-ExampleApp/Pods-ExampleApp.release.xcconfig"; sourceTree = "<group>"; };
/* End PBXFileReference section */

/* Begin PBXFrameworksBuildPhase section */
		B574954827678B7E00CDC259 /* Frameworks */ = {
			isa = PBXFrameworksBuildPhase;
			buildActionMask = 2147483647;
			files = (
				CFEFBE821C1CDDEF20ED1F74 /* Pods_ExampleApp.framework in Frameworks */,
			);
			runOnlyForDeploymentPostprocessing = 0;
		};
/* End PBXFrameworksBuildPhase section */

/* Begin PBXGroup section */
		10609A4CA0F9AE41FC287562 /* Frameworks */ = {
			isa = PBXGroup;
			children = (
				28313414BDD7D7D914C60EED /* Pods_ExampleApp.framework */,
			);
			name = Frameworks;
			sourceTree = "<group>";
		};
		9F431EDE6C5CD6CF253C68B4 /* Pods */ = {
			isa = PBXGroup;
			children = (
				BC39DF3A28F1A1DD7EDD1546 /* Pods-ExampleApp.debug.xcconfig */,
				C50491D240796FAF0CF8AB18 /* Pods-ExampleApp.release.xcconfig */,
			);
			path = Pods;
			sourceTree = "<group>";
		};
		B532363C276D0BC40066A3C6 /* LogView */ = {
			isa = PBXGroup;
			children = (
				B532363D276D0BD20066A3C6 /* LogView.swift */,
			);
			path = LogView;
			sourceTree = "<group>";
		};
		B53BD47C276B468F00176D06 /* Features */ = {
			isa = PBXGroup;
			children = (
				B532363C276D0BC40066A3C6 /* LogView */,
				B53BD47D276B46AB00176D06 /* Eyeson */,
				B53BD47E276B46BA00176D06 /* QRScanner */,
				B574955027678B7E00CDC259 /* SplashView.swift */,
			);
			path = Features;
			sourceTree = "<group>";
		};
		B53BD47D276B46AB00176D06 /* Eyeson */ = {
			isa = PBXGroup;
			children = (
				B5530DB72769DD4100ACC454 /* EyesonCoordinator.swift */,
				B5530DB92769E10D00ACC454 /* EyesonView.swift */,
				B58014A5276C9BBE000D8523 /* ButtonViews.swift */,
			);
			path = Eyeson;
			sourceTree = "<group>";
		};
		B53BD47E276B46BA00176D06 /* QRScanner */ = {
			isa = PBXGroup;
			children = (
				B53BD47F276B46C900176D06 /* ScanView.swift */,
			);
			path = QRScanner;
			sourceTree = "<group>";
		};
		B574954227678B7E00CDC259 = {
			isa = PBXGroup;
			children = (
				B574954D27678B7E00CDC259 /* ExampleApp */,
				B574954C27678B7E00CDC259 /* Products */,
				9F431EDE6C5CD6CF253C68B4 /* Pods */,
				10609A4CA0F9AE41FC287562 /* Frameworks */,
			);
			sourceTree = "<group>";
		};
		B574954C27678B7E00CDC259 /* Products */ = {
			isa = PBXGroup;
			children = (
				B574954B27678B7E00CDC259 /* ExampleApp.app */,
			);
			name = Products;
			sourceTree = "<group>";
		};
		B574954D27678B7E00CDC259 /* ExampleApp */ = {
			isa = PBXGroup;
			children = (
				B53BD47C276B468F00176D06 /* Features */,
				B574954E27678B7E00CDC259 /* ExampleAppApp.swift */,
				B574955227678B7F00CDC259 /* Assets.xcassets */,
				B574955427678B7F00CDC259 /* Preview Content */,
			);
			path = ExampleApp;
			sourceTree = "<group>";
		};
		B574955427678B7F00CDC259 /* Preview Content */ = {
			isa = PBXGroup;
			children = (
				B574955527678B7F00CDC259 /* Preview Assets.xcassets */,
			);
			path = "Preview Content";
			sourceTree = "<group>";
		};
/* End PBXGroup section */

/* Begin PBXNativeTarget section */
		B574954A27678B7E00CDC259 /* ExampleApp */ = {
			isa = PBXNativeTarget;
			buildConfigurationList = B574955927678B7F00CDC259 /* Build configuration list for PBXNativeTarget "ExampleApp" */;
			buildPhases = (
				DB81D5775D5ED4B33514D9CF /* [CP] Check Pods Manifest.lock */,
				B574954727678B7E00CDC259 /* Sources */,
				B574954827678B7E00CDC259 /* Frameworks */,
				B574954927678B7E00CDC259 /* Resources */,
				687F858BAB5603DAF1665157 /* [CP] Embed Pods Frameworks */,
			);
			buildRules = (
			);
			dependencies = (
			);
			name = ExampleApp;
			productName = ExampleApp;
			productReference = B574954B27678B7E00CDC259 /* ExampleApp.app */;
			productType = "com.apple.product-type.application";
		};
/* End PBXNativeTarget section */

/* Begin PBXProject section */
		B574954327678B7E00CDC259 /* Project object */ = {
			isa = PBXProject;
			attributes = {
				BuildIndependentTargetsInParallel = 1;
				LastSwiftUpdateCheck = 1310;
				LastUpgradeCheck = 1310;
				TargetAttributes = {
					B574954A27678B7E00CDC259 = {
						CreatedOnToolsVersion = 13.1;
					};
				};
			};
			buildConfigurationList = B574954627678B7E00CDC259 /* Build configuration list for PBXProject "ExampleApp" */;
			compatibilityVersion = "Xcode 13.0";
			developmentRegion = en;
			hasScannedForEncodings = 0;
			knownRegions = (
				en,
				Base,
			);
			mainGroup = B574954227678B7E00CDC259;
			productRefGroup = B574954C27678B7E00CDC259 /* Products */;
			projectDirPath = "";
			projectRoot = "";
			targets = (
				B574954A27678B7E00CDC259 /* ExampleApp */,
			);
		};
/* End PBXProject section */

/* Begin PBXResourcesBuildPhase section */
		B574954927678B7E00CDC259 /* Resources */ = {
			isa = PBXResourcesBuildPhase;
			buildActionMask = 2147483647;
			files = (
				B574955627678B7F00CDC259 /* Preview Assets.xcassets in Resources */,
				B574955327678B7F00CDC259 /* Assets.xcassets in Resources */,
			);
			runOnlyForDeploymentPostprocessing = 0;
		};
/* End PBXResourcesBuildPhase section */

/* Begin PBXShellScriptBuildPhase section */
		687F858BAB5603DAF1665157 /* [CP] Embed Pods Frameworks */ = {
			isa = PBXShellScriptBuildPhase;
			buildActionMask = 2147483647;
			files = (
			);
			inputFileListPaths = (
				"${PODS_ROOT}/Target Support Files/Pods-ExampleApp/Pods-ExampleApp-frameworks-${CONFIGURATION}-input-files.xcfilelist",
			);
			name = "[CP] Embed Pods Frameworks";
			outputFileListPaths = (
				"${PODS_ROOT}/Target Support Files/Pods-ExampleApp/Pods-ExampleApp-frameworks-${CONFIGURATION}-output-files.xcfilelist",
			);
			runOnlyForDeploymentPostprocessing = 0;
			shellPath = /bin/sh;
			shellScript = "\"${PODS_ROOT}/Target Support Files/Pods-ExampleApp/Pods-ExampleApp-frameworks.sh\"\n";
			showEnvVarsInLog = 0;
		};
		DB81D5775D5ED4B33514D9CF /* [CP] Check Pods Manifest.lock */ = {
			isa = PBXShellScriptBuildPhase;
			buildActionMask = 2147483647;
			files = (
			);
			inputFileListPaths = (
			);
			inputPaths = (
				"${PODS_PODFILE_DIR_PATH}/Podfile.lock",
				"${PODS_ROOT}/Manifest.lock",
			);
			name = "[CP] Check Pods Manifest.lock";
			outputFileListPaths = (
			);
			outputPaths = (
				"$(DERIVED_FILE_DIR)/Pods-ExampleApp-checkManifestLockResult.txt",
			);
			runOnlyForDeploymentPostprocessing = 0;
			shellPath = /bin/sh;
			shellScript = "diff \"${PODS_PODFILE_DIR_PATH}/Podfile.lock\" \"${PODS_ROOT}/Manifest.lock\" > /dev/null\nif [ $? != 0 ] ; then\n    # print error to STDERR\n    echo \"error: The sandbox is not in sync with the Podfile.lock. Run 'pod install' or update your CocoaPods installation.\" >&2\n    exit 1\nfi\n# This output is used by Xcode 'outputs' to avoid re-running this script phase.\necho \"SUCCESS\" > \"${SCRIPT_OUTPUT_FILE_0}\"\n";
			showEnvVarsInLog = 0;
		};
/* End PBXShellScriptBuildPhase section */

/* Begin PBXSourcesBuildPhase section */
		B574954727678B7E00CDC259 /* Sources */ = {
			isa = PBXSourcesBuildPhase;
			buildActionMask = 2147483647;
			files = (
				B574955127678B7E00CDC259 /* SplashView.swift in Sources */,
				B5530DBA2769E10D00ACC454 /* EyesonView.swift in Sources */,
				B58014A6276C9BBE000D8523 /* ButtonViews.swift in Sources */,
				B5530DB82769DD4100ACC454 /* EyesonCoordinator.swift in Sources */,
				B53BD480276B46C900176D06 /* ScanView.swift in Sources */,
				B574954F27678B7E00CDC259 /* ExampleAppApp.swift in Sources */,
				B532363E276D0BD20066A3C6 /* LogView.swift in Sources */,
			);
			runOnlyForDeploymentPostprocessing = 0;
		};
/* End PBXSourcesBuildPhase section */

/* Begin XCBuildConfiguration section */
		B574955727678B7F00CDC259 /* Debug */ = {
			isa = XCBuildConfiguration;
			buildSettings = {
				ALWAYS_SEARCH_USER_PATHS = NO;
				CLANG_ANALYZER_NONNULL = YES;
				CLANG_ANALYZER_NUMBER_OBJECT_CONVERSION = YES_AGGRESSIVE;
				CLANG_CXX_LANGUAGE_STANDARD = "gnu++17";
				CLANG_CXX_LIBRARY = "libc++";
				CLANG_ENABLE_MODULES = YES;
				CLANG_ENABLE_OBJC_ARC = YES;
				CLANG_ENABLE_OBJC_WEAK = YES;
				CLANG_WARN_BLOCK_CAPTURE_AUTORELEASING = YES;
				CLANG_WARN_BOOL_CONVERSION = YES;
				CLANG_WARN_COMMA = YES;
				CLANG_WARN_CONSTANT_CONVERSION = YES;
				CLANG_WARN_DEPRECATED_OBJC_IMPLEMENTATIONS = YES;
				CLANG_WARN_DIRECT_OBJC_ISA_USAGE = YES_ERROR;
				CLANG_WARN_DOCUMENTATION_COMMENTS = YES;
				CLANG_WARN_EMPTY_BODY = YES;
				CLANG_WARN_ENUM_CONVERSION = YES;
				CLANG_WARN_INFINITE_RECURSION = YES;
				CLANG_WARN_INT_CONVERSION = YES;
				CLANG_WARN_NON_LITERAL_NULL_CONVERSION = YES;
				CLANG_WARN_OBJC_IMPLICIT_RETAIN_SELF = YES;
				CLANG_WARN_OBJC_LITERAL_CONVERSION = YES;
				CLANG_WARN_OBJC_ROOT_CLASS = YES_ERROR;
				CLANG_WARN_QUOTED_INCLUDE_IN_FRAMEWORK_HEADER = YES;
				CLANG_WARN_RANGE_LOOP_ANALYSIS = YES;
				CLANG_WARN_STRICT_PROTOTYPES = YES;
				CLANG_WARN_SUSPICIOUS_MOVE = YES;
				CLANG_WARN_UNGUARDED_AVAILABILITY = YES_AGGRESSIVE;
				CLANG_WARN_UNREACHABLE_CODE = YES;
				CLANG_WARN__DUPLICATE_METHOD_MATCH = YES;
				COPY_PHASE_STRIP = NO;
				DEBUG_INFORMATION_FORMAT = dwarf;
				ENABLE_BITCODE = NO;
				ENABLE_STRICT_OBJC_MSGSEND = YES;
				ENABLE_TESTABILITY = YES;
				GCC_C_LANGUAGE_STANDARD = gnu11;
				GCC_DYNAMIC_NO_PIC = NO;
				GCC_NO_COMMON_BLOCKS = YES;
				GCC_OPTIMIZATION_LEVEL = 0;
				GCC_PREPROCESSOR_DEFINITIONS = (
					"DEBUG=1",
					"$(inherited)",
				);
				GCC_WARN_64_TO_32_BIT_CONVERSION = YES;
				GCC_WARN_ABOUT_RETURN_TYPE = YES_ERROR;
				GCC_WARN_UNDECLARED_SELECTOR = YES;
				GCC_WARN_UNINITIALIZED_AUTOS = YES_AGGRESSIVE;
				GCC_WARN_UNUSED_FUNCTION = YES;
				GCC_WARN_UNUSED_VARIABLE = YES;
				IPHONEOS_DEPLOYMENT_TARGET = 15.0;
				MTL_ENABLE_DEBUG_INFO = INCLUDE_SOURCE;
				MTL_FAST_MATH = YES;
				ONLY_ACTIVE_ARCH = YES;
				SDKROOT = iphoneos;
				SWIFT_ACTIVE_COMPILATION_CONDITIONS = DEBUG;
				SWIFT_OPTIMIZATION_LEVEL = "-Onone";
			};
			name = Debug;
		};
		B574955827678B7F00CDC259 /* Release */ = {
			isa = XCBuildConfiguration;
			buildSettings = {
				ALWAYS_SEARCH_USER_PATHS = NO;
				CLANG_ANALYZER_NONNULL = YES;
				CLANG_ANALYZER_NUMBER_OBJECT_CONVERSION = YES_AGGRESSIVE;
				CLANG_CXX_LANGUAGE_STANDARD = "gnu++17";
				CLANG_CXX_LIBRARY = "libc++";
				CLANG_ENABLE_MODULES = YES;
				CLANG_ENABLE_OBJC_ARC = YES;
				CLANG_ENABLE_OBJC_WEAK = YES;
				CLANG_WARN_BLOCK_CAPTURE_AUTORELEASING = YES;
				CLANG_WARN_BOOL_CONVERSION = YES;
				CLANG_WARN_COMMA = YES;
				CLANG_WARN_CONSTANT_CONVERSION = YES;
				CLANG_WARN_DEPRECATED_OBJC_IMPLEMENTATIONS = YES;
				CLANG_WARN_DIRECT_OBJC_ISA_USAGE = YES_ERROR;
				CLANG_WARN_DOCUMENTATION_COMMENTS = YES;
				CLANG_WARN_EMPTY_BODY = YES;
				CLANG_WARN_ENUM_CONVERSION = YES;
				CLANG_WARN_INFINITE_RECURSION = YES;
				CLANG_WARN_INT_CONVERSION = YES;
				CLANG_WARN_NON_LITERAL_NULL_CONVERSION = YES;
				CLANG_WARN_OBJC_IMPLICIT_RETAIN_SELF = YES;
				CLANG_WARN_OBJC_LITERAL_CONVERSION = YES;
				CLANG_WARN_OBJC_ROOT_CLASS = YES_ERROR;
				CLANG_WARN_QUOTED_INCLUDE_IN_FRAMEWORK_HEADER = YES;
				CLANG_WARN_RANGE_LOOP_ANALYSIS = YES;
				CLANG_WARN_STRICT_PROTOTYPES = YES;
				CLANG_WARN_SUSPICIOUS_MOVE = YES;
				CLANG_WARN_UNGUARDED_AVAILABILITY = YES_AGGRESSIVE;
				CLANG_WARN_UNREACHABLE_CODE = YES;
				CLANG_WARN__DUPLICATE_METHOD_MATCH = YES;
				COPY_PHASE_STRIP = NO;
				DEBUG_INFORMATION_FORMAT = "dwarf-with-dsym";
				ENABLE_BITCODE = NO;
				ENABLE_NS_ASSERTIONS = NO;
				ENABLE_STRICT_OBJC_MSGSEND = YES;
				GCC_C_LANGUAGE_STANDARD = gnu11;
				GCC_NO_COMMON_BLOCKS = YES;
				GCC_WARN_64_TO_32_BIT_CONVERSION = YES;
				GCC_WARN_ABOUT_RETURN_TYPE = YES_ERROR;
				GCC_WARN_UNDECLARED_SELECTOR = YES;
				GCC_WARN_UNINITIALIZED_AUTOS = YES_AGGRESSIVE;
				GCC_WARN_UNUSED_FUNCTION = YES;
				GCC_WARN_UNUSED_VARIABLE = YES;
				IPHONEOS_DEPLOYMENT_TARGET = 15.0;
				MTL_ENABLE_DEBUG_INFO = NO;
				MTL_FAST_MATH = YES;
				SDKROOT = iphoneos;
				SWIFT_COMPILATION_MODE = wholemodule;
				SWIFT_OPTIMIZATION_LEVEL = "-O";
				VALIDATE_PRODUCT = YES;
			};
			name = Release;
		};
		B574955A27678B7F00CDC259 /* Debug */ = {
			isa = XCBuildConfiguration;
			baseConfigurationReference = BC39DF3A28F1A1DD7EDD1546 /* Pods-ExampleApp.debug.xcconfig */;
			buildSettings = {
				ASSETCATALOG_COMPILER_APPICON_NAME = AppIcon;
				ASSETCATALOG_COMPILER_GLOBAL_ACCENT_COLOR_NAME = AccentColor;
				CODE_SIGN_STYLE = Automatic;
				CURRENT_PROJECT_VERSION = 1;
				DEVELOPMENT_ASSET_PATHS = "\"ExampleApp/Preview Content\"";
				DEVELOPMENT_TEAM = 9CLSXL2Y8R;
				ENABLE_PREVIEWS = YES;
				GENERATE_INFOPLIST_FILE = YES;
				INFOPLIST_KEY_NSCameraUsageDescription = "Required for test";
				INFOPLIST_KEY_NSMicrophoneUsageDescription = "Required for test";
				INFOPLIST_KEY_UIApplicationSceneManifest_Generation = YES;
				INFOPLIST_KEY_UIApplicationSupportsIndirectInputEvents = YES;
				INFOPLIST_KEY_UILaunchScreen_Generation = YES;
				INFOPLIST_KEY_UISupportedInterfaceOrientations_iPad = "UIInterfaceOrientationPortrait UIInterfaceOrientationPortraitUpsideDown UIInterfaceOrientationLandscapeLeft UIInterfaceOrientationLandscapeRight";
				INFOPLIST_KEY_UISupportedInterfaceOrientations_iPhone = "UIInterfaceOrientationPortrait UIInterfaceOrientationLandscapeLeft UIInterfaceOrientationLandscapeRight";
				LD_RUNPATH_SEARCH_PATHS = (
					"$(inherited)",
					"@executable_path/Frameworks",
				);
				MARKETING_VERSION = 1.0;
				PRODUCT_BUNDLE_IDENTIFIER = "com.eyeson.sdk-ExampleApp";
				PRODUCT_NAME = "$(TARGET_NAME)";
				SWIFT_EMIT_LOC_STRINGS = YES;
				SWIFT_VERSION = 5.0;
				TARGETED_DEVICE_FAMILY = "1,2";
			};
			name = Debug;
		};
		B574955B27678B7F00CDC259 /* Release */ = {
			isa = XCBuildConfiguration;
			baseConfigurationReference = C50491D240796FAF0CF8AB18 /* Pods-ExampleApp.release.xcconfig */;
			buildSettings = {
				ASSETCATALOG_COMPILER_APPICON_NAME = AppIcon;
				ASSETCATALOG_COMPILER_GLOBAL_ACCENT_COLOR_NAME = AccentColor;
				CODE_SIGN_STYLE = Automatic;
				CURRENT_PROJECT_VERSION = 1;
				DEVELOPMENT_ASSET_PATHS = "\"ExampleApp/Preview Content\"";
				DEVELOPMENT_TEAM = 9CLSXL2Y8R;
				ENABLE_PREVIEWS = YES;
				GENERATE_INFOPLIST_FILE = YES;
				INFOPLIST_KEY_NSCameraUsageDescription = "Required for test";
				INFOPLIST_KEY_NSMicrophoneUsageDescription = "Required for test";
				INFOPLIST_KEY_UIApplicationSceneManifest_Generation = YES;
				INFOPLIST_KEY_UIApplicationSupportsIndirectInputEvents = YES;
				INFOPLIST_KEY_UILaunchScreen_Generation = YES;
				INFOPLIST_KEY_UISupportedInterfaceOrientations_iPad = "UIInterfaceOrientationPortrait UIInterfaceOrientationPortraitUpsideDown UIInterfaceOrientationLandscapeLeft UIInterfaceOrientationLandscapeRight";
				INFOPLIST_KEY_UISupportedInterfaceOrientations_iPhone = "UIInterfaceOrientationPortrait UIInterfaceOrientationLandscapeLeft UIInterfaceOrientationLandscapeRight";
				LD_RUNPATH_SEARCH_PATHS = (
					"$(inherited)",
					"@executable_path/Frameworks",
				);
				MARKETING_VERSION = 1.0;
				PRODUCT_BUNDLE_IDENTIFIER = "com.eyeson.sdk-ExampleApp";
				PRODUCT_NAME = "$(TARGET_NAME)";
				SWIFT_EMIT_LOC_STRINGS = YES;
				SWIFT_VERSION = 5.0;
				TARGETED_DEVICE_FAMILY = "1,2";
			};
			name = Release;
		};
/* End XCBuildConfiguration section */

/* Begin XCConfigurationList section */
		B574954627678B7E00CDC259 /* Build configuration list for PBXProject "ExampleApp" */ = {
			isa = XCConfigurationList;
			buildConfigurations = (
				B574955727678B7F00CDC259 /* Debug */,
				B574955827678B7F00CDC259 /* Release */,
			);
			defaultConfigurationIsVisible = 0;
			defaultConfigurationName = Release;
		};
		B574955927678B7F00CDC259 /* Build configuration list for PBXNativeTarget "ExampleApp" */ = {
			isa = XCConfigurationList;
			buildConfigurations = (
				B574955A27678B7F00CDC259 /* Debug */,
				B574955B27678B7F00CDC259 /* Release */,
			);
			defaultConfigurationIsVisible = 0;
			defaultConfigurationName = Release;
		};
/* End XCConfigurationList section */
	};
	rootObject = B574954327678B7E00CDC259 /* Project object */;
}
